
Microsoft Visual Studio Solution File, Format Version 12.00
# Visual Studio Version 16
VisualStudioVersion = 16.0.31911.196
MinimumVisualStudioVersion = 10.0.40219.1
Project("{FAE04EC0-301F-11D3-BF4B-00C04F79EFBC}") = "IdentityCore", "IdentityCore\IdentityCore.csproj", "{00373476-91B1-499F-8C60-9D1DFA0FAF43}"
EndProject
Global
	GlobalSection(SolutionConfigurationPlatforms) = preSolution
		Debug|Any CPU = Debug|Any CPU
		Release|Any CPU = Release|Any CPU
	EndGlobalSection
	GlobalSection(ProjectConfigurationPlatforms) = postSolution
		{00373476-91B1-499F-8C60-9D1DFA0FAF43}.Debug|Any CPU.ActiveCfg = Debug|Any CPU
		{00373476-91B1-499F-8C60-9D1DFA0FAF43}.Debug|Any CPU.Build.0 = Debug|Any CPU
		{00373476-91B1-499F-8C60-9D1DFA0FAF43}.Release|Any CPU.ActiveCfg = Release|Any CPU
		{00373476-91B1-499F-8C60-9D1DFA0FAF43}.Release|Any CPU.Build.0 = Release|Any CPU
	EndGlobalSection
	GlobalSection(SolutionProperties) = preSolution
		HideSolutionNode = FALSE
	EndGlobalSection
	GlobalSection(ExtensibilityGlobals) = postSolution
		SolutionGuid = {CF55A068-9F9A-4684-A1A5-C64665805762}
	EndGlobalSection
EndGlobal
